# This file was autogenerated by uv via the following command:
#    uv pip compile pyproject.toml --python-version 3.12 --output-file requirements.lock
alembic==1.19.2
    # via bbb-backend (pyproject.toml)
annotated-doc==0.0.5
    # via fastapi
annotated-types==0.8.0
    # via pydantic
anyio==4.15.1
    # via
    #   httpx
    #   starlette
    #   watchfiles
asyncpg==0.31.0
    # via bbb-backend (pyproject.toml)
certifi==2026.6.17
    # via
    #   httpcore
    #   httpx
cffi==2.1.1
    # via cryptography
click==8.5.0
    # via uvicorn
cryptography==50.0.1
    # via
    #   pyspnego
    #   smbprotocol
fastapi==0.141.1
    # via bbb-backend (pyproject.toml)
greenlet==3.5.5
    # via sqlalchemy
gunicorn==26.2.0
    # via bbb-backend (pyproject.toml)
h11==0.16.0
    # via
    #   httpcore
    #   uvicorn
httpcore==1.0.9
    # via httpx
httptools==0.8.0
    # via uvicorn
httpx==0.28.1
    # via bbb-backend (pyproject.toml)
idna==3.19
    # via
    #   anyio
    #   httpx
isodate==0.7.2
    # via python3-saml
lxml==6.1.1
    # via
    #   python3-saml
    #   xmlsec
mako==1.4.1
    # via alembic
markupsafe==3.0.3
    # via mako
pycparser==3.0
    # via cffi
pydantic==2.13.5
    # via
    #   bbb-backend (pyproject.toml)
    #   fastapi
    #   pydantic-settings
pydantic-core==2.46.5
    # via pydantic
pydantic-settings==2.15.0
    # via bbb-backend (pyproject.toml)
pyspnego==0.12.2
    # via smbprotocol
python-dotenv==1.2.3
    # via
    #   pydantic-settings
    #   uvicorn
python-multipart==0.0.32
    # via bbb-backend (pyproject.toml)
python3-saml==1.16.0
    # via bbb-backend (pyproject.toml)
pyyaml==6.0.3
    # via uvicorn
redis==8.0.1
    # via bbb-backend (pyproject.toml)
smbprotocol==1.17.0
    # via bbb-backend (pyproject.toml)
sqlalchemy==2.0.52
    # via
    #   bbb-backend (pyproject.toml)
    #   alembic
starlette==1.6.0
    # via fastapi
typing-extensions==4.16.0
    # via
    #   alembic
    #   anyio
    #   fastapi
    #   pydantic
    #   pydantic-core
    #   sqlalchemy
    #   starlette
    #   typing-inspection
typing-inspection==0.4.4
    # via
    #   fastapi
    #   pydantic
    #   pydantic-settings
uvicorn==0.52.4
    # via bbb-backend (pyproject.toml)
uvloop==0.22.1
    # via uvicorn
watchfiles==1.2.0
    # via uvicorn
websockets==17.1
    # via uvicorn
xmlsec==1.3.17
    # via python3-saml
